
Microsoft Visual Studio Solution File, Format Version 12.00
# Visual Studio Version 17
VisualStudioVersion = 17.7.34024.191
MinimumVisualStudioVersion = 10.0.40219.1
Project("{9A19103F-16F7-4668-BE54-9A1E7A4F7556}") = "BanThietBiDiDongDATN.Admin", "BanThietBiDiDongDoAnTotNghiep\BanThietBiDiDongDATN.Admin.csproj", "{2503D87D-3FB6-442F-BFCF-0F9782F8A061}"
EndProject
Project("{9A19103F-16F7-4668-BE54-9A1E7A4F7556}") = "BanThietBiDiDongDATN.Data", "BanThietBiDiDongDATN.Data\BanThietBiDiDongDATN.Data.csproj", "{72B30958-CAE1-4CED-A76A-6AA9465FBD18}"
EndProject
Project("{9A19103F-16F7-4668-BE54-9A1E7A4F7556}") = "BanThietBiDiDongDATN.Application", "BanThietBiDiDongDATN.Applications\BanThietBiDiDongDATN.Application.csproj", "{3DC5618E-1828-47C2-8F6C-8606F9CB60B6}"
EndProject
Project("{9A19103F-16F7-4668-BE54-9A1E7A4F7556}") = "BanThietBiDiDongDATN.BackendAPI", "BanThietBiDiDongDATN.BackendAPI\BanThietBiDiDongDATN.BackendAPI.csproj", "{F524E7F7-B1B7-4C40-888F-4EBFAEA76616}"
EndProject
Project("{9A19103F-16F7-4668-BE54-9A1E7A4F7556}") = "BanThietBiDiDongDATN.ApiIntegration", "BanThietBiDiDongDATN.ApiIntegration\BanThietBiDiDongDATN.ApiIntegration.csproj", "{5A3B50BD-EF27-459A-8575-01C606BB9E8C}"
EndProject
Global
	GlobalSection(SolutionConfigurationPlatforms) = preSolution
		Debug|Any CPU = Debug|Any CPU
		Release|Any CPU = Release|Any CPU
	EndGlobalSection
	GlobalSection(ProjectConfigurationPlatforms) = postSolution
		{2503D87D-3FB6-442F-BFCF-0F9782F8A061}.Debug|Any CPU.ActiveCfg = Debug|Any CPU
		{2503D87D-3FB6-442F-BFCF-0F9782F8A061}.Debug|Any CPU.Build.0 = Debug|Any CPU
		{2503D87D-3FB6-442F-BFCF-0F9782F8A061}.Release|Any CPU.ActiveCfg = Release|Any CPU
		{2503D87D-3FB6-442F-BFCF-0F9782F8A061}.Release|Any CPU.Build.0 = Release|Any CPU
		{72B30958-CAE1-4CED-A76A-6AA9465FBD18}.Debug|Any CPU.ActiveCfg = Debug|Any CPU
		{72B30958-CAE1-4CED-A76A-6AA9465FBD18}.Debug|Any CPU.Build.0 = Debug|Any CPU
		{72B30958-CAE1-4CED-A76A-6AA9465FBD18}.Release|Any CPU.ActiveCfg = Release|Any CPU
		{72B30958-CAE1-4CED-A76A-6AA9465FBD18}.Release|Any CPU.Build.0 = Release|Any CPU
		{3DC5618E-1828-47C2-8F6C-8606F9CB60B6}.Debug|Any CPU.ActiveCfg = Debug|Any CPU
		{3DC5618E-1828-47C2-8F6C-8606F9CB60B6}.Debug|Any CPU.Build.0 = Debug|Any CPU
		{3DC5618E-1828-47C2-8F6C-8606F9CB60B6}.Release|Any CPU.ActiveCfg = Release|Any CPU
		{3DC5618E-1828-47C2-8F6C-8606F9CB60B6}.Release|Any CPU.Build.0 = Release|Any CPU
		{F524E7F7-B1B7-4C40-888F-4EBFAEA76616}.Debug|Any CPU.ActiveCfg = Debug|Any CPU
		{F524E7F7-B1B7-4C40-888F-4EBFAEA76616}.Debug|Any CPU.Build.0 = Debug|Any CPU
		{F524E7F7-B1B7-4C40-888F-4EBFAEA76616}.Release|Any CPU.ActiveCfg = Release|Any CPU
		{F524E7F7-B1B7-4C40-888F-4EBFAEA76616}.Release|Any CPU.Build.0 = Release|Any CPU
		{5A3B50BD-EF27-459A-8575-01C606BB9E8C}.Debug|Any CPU.ActiveCfg = Debug|Any CPU
		{5A3B50BD-EF27-459A-8575-01C606BB9E8C}.Debug|Any CPU.Build.0 = Debug|Any CPU
		{5A3B50BD-EF27-459A-8575-01C606BB9E8C}.Release|Any CPU.ActiveCfg = Release|Any CPU
		{5A3B50BD-EF27-459A-8575-01C606BB9E8C}.Release|Any CPU.Build.0 = Release|Any CPU
	EndGlobalSection
	GlobalSection(SolutionProperties) = preSolution
		HideSolutionNode = FALSE
	EndGlobalSection
	GlobalSection(ExtensibilityGlobals) = postSolution
		SolutionGuid = {CD223783-7614-498B-A277-D07B011C661E}
	EndGlobalSection
EndGlobal
